
Microsoft Visual Studio Solution File, Format Version 12.00
# Visual Studio Version 17
VisualStudioVersion = 17.13.35828.75 d17.13
MinimumVisualStudioVersion = 10.0.40219.1
Project("{FAE04EC0-301F-11D3-BF4B-00C04F79EFBC}") = "MvcProjeKampi", "MvcProjeKampi\MvcProjeKampi.csproj", "{2B188474-1778-4F4E-AB1B-9368D8B56B54}"
EndProject
Project("{FAE04EC0-301F-11D3-BF4B-00C04F79EFBC}") = "EntityLayer", "EntityLayer\EntityLayer.csproj", "{EF2CE2D5-7AC9-490A-8F07-DD317A4EC70F}"
EndProject
Project("{FAE04EC0-301F-11D3-BF4B-00C04F79EFBC}") = "DataAccessLayer", "DataAccessLayer\DataAccessLayer.csproj", "{C7C51923-8122-44E2-8D6E-9661CFB93579}"
EndProject
Project("{FAE04EC0-301F-11D3-BF4B-00C04F79EFBC}") = "BusinessLayer", "BusinessLayer\BusinessLayer.csproj", "{6A9CBA81-2B27-42B5-A803-174BB4B9AECC}"
EndProject
Global
	GlobalSection(SolutionConfigurationPlatforms) = preSolution
		Debug|Any CPU = Debug|Any CPU
		Release|Any CPU = Release|Any CPU
	EndGlobalSection
	GlobalSection(ProjectConfigurationPlatforms) = postSolution
		{2B188474-1778-4F4E-AB1B-9368D8B56B54}.Debug|Any CPU.ActiveCfg = Debug|Any CPU
		{2B188474-1778-4F4E-AB1B-9368D8B56B54}.Debug|Any CPU.Build.0 = Debug|Any CPU
		{2B188474-1778-4F4E-AB1B-9368D8B56B54}.Release|Any CPU.ActiveCfg = Release|Any CPU
		{2B188474-1778-4F4E-AB1B-9368D8B56B54}.Release|Any CPU.Build.0 = Release|Any CPU
		{EF2CE2D5-7AC9-490A-8F07-DD317A4EC70F}.Debug|Any CPU.ActiveCfg = Debug|Any CPU
		{EF2CE2D5-7AC9-490A-8F07-DD317A4EC70F}.Debug|Any CPU.Build.0 = Debug|Any CPU
		{EF2CE2D5-7AC9-490A-8F07-DD317A4EC70F}.Release|Any CPU.ActiveCfg = Release|Any CPU
		{EF2CE2D5-7AC9-490A-8F07-DD317A4EC70F}.Release|Any CPU.Build.0 = Release|Any CPU
		{C7C51923-8122-44E2-8D6E-9661CFB93579}.Debug|Any CPU.ActiveCfg = Debug|Any CPU
		{C7C51923-8122-44E2-8D6E-9661CFB93579}.Debug|Any CPU.Build.0 = Debug|Any CPU
		{C7C51923-8122-44E2-8D6E-9661CFB93579}.Release|Any CPU.ActiveCfg = Release|Any CPU
		{C7C51923-8122-44E2-8D6E-9661CFB93579}.Release|Any CPU.Build.0 = Release|Any CPU
		{6A9CBA81-2B27-42B5-A803-174BB4B9AECC}.Debug|Any CPU.ActiveCfg = Debug|Any CPU
		{6A9CBA81-2B27-42B5-A803-174BB4B9AECC}.Debug|Any CPU.Build.0 = Debug|Any CPU
		{6A9CBA81-2B27-42B5-A803-174BB4B9AECC}.Release|Any CPU.ActiveCfg = Release|Any CPU
		{6A9CBA81-2B27-42B5-A803-174BB4B9AECC}.Release|Any CPU.Build.0 = Release|Any CPU
	EndGlobalSection
	GlobalSection(SolutionProperties) = preSolution
		HideSolutionNode = FALSE
	EndGlobalSection
	GlobalSection(ExtensibilityGlobals) = postSolution
		SolutionGuid = {CFD2B745-3798-4F59-8CA5-5B0E888E90D6}
	EndGlobalSection
EndGlobal
